// !$*UTF8*$!
{
	archiveVersion = 1;
	classes = {
	};
	objectVersion = 46;
	objects = {

/* Begin PBXBuildFile section */
		2204C01B1B66AB2D00B17C56 /* Realm.framework in Frameworks */ = {isa = PBXBuildFile; fileRef = 2204C0191B66AB2D00B17C56 /* Realm.framework */; };
		2204C01C1B66AB2D00B17C56 /* RealmSwift.framework in Frameworks */ = {isa = PBXBuildFile; fileRef = 2204C01A1B66AB2D00B17C56 /* RealmSwift.framework */; };
		2204C0201B66C30000B17C56 /* Realm.framework in Frameworks */ = {isa = PBXBuildFile; fileRef = 2204C0191B66AB2D00B17C56 /* Realm.framework */; };
		2204C0211B66C30000B17C56 /* Realm.framework in Embed Frameworks */ = {isa = PBXBuildFile; fileRef = 2204C0191B66AB2D00B17C56 /* Realm.framework */; settings = {ATTRIBUTES = (CodeSignOnCopy, RemoveHeadersOnCopy, ); }; };
		2204C0221B66C30000B17C56 /* RealmSwift.framework in Frameworks */ = {isa = PBXBuildFile; fileRef = 2204C01A1B66AB2D00B17C56 /* RealmSwift.framework */; };
		2204C0231B66C30000B17C56 /* RealmSwift.framework in Embed Frameworks */ = {isa = PBXBuildFile; fileRef = 2204C01A1B66AB2D00B17C56 /* RealmSwift.framework */; settings = {ATTRIBUTES = (CodeSignOnCopy, RemoveHeadersOnCopy, ); }; };
		2208B06A1B5DBB6E00D55605 /* Main.storyboard in Resources */ = {isa = PBXBuildFile; fileRef = 2208B0681B5DBB6E00D55605 /* Main.storyboard */; };
		221031541B5F075A0094BDED /* Parse.framework in Frameworks */ = {isa = PBXBuildFile; fileRef = 22CD5A681B56E1E700F57439 /* Parse.framework */; };
		2216CAE51B56FF26001CB6E7 /* Guest.swift in Sources */ = {isa = PBXBuildFile; fileRef = 2216CAE41B56FF26001CB6E7 /* Guest.swift */; };
		2216CAE71B56FF64001CB6E7 /* User.swift in Sources */ = {isa = PBXBuildFile; fileRef = 2216CAE61B56FF64001CB6E7 /* User.swift */; };
		2222A98D1B544AB5007219AE /* EventTableViewCell.swift in Sources */ = {isa = PBXBuildFile; fileRef = 2222A98C1B544AB5007219AE /* EventTableViewCell.swift */; };
		2222A9921B544D48007219AE /* AudioToolbox.framework in Frameworks */ = {isa = PBXBuildFile; fileRef = 2222A9911B544D48007219AE /* AudioToolbox.framework */; };
		2222A9971B544D75007219AE /* CoreGraphics.framework in Frameworks */ = {isa = PBXBuildFile; fileRef = 2222A9931B544D75007219AE /* CoreGraphics.framework */; };
		2222A9981B544D75007219AE /* CoreLocation.framework in Frameworks */ = {isa = PBXBuildFile; fileRef = 2222A9941B544D75007219AE /* CoreLocation.framework */; };
		2222A9991B544D75007219AE /* MobileCoreServices.framework in Frameworks */ = {isa = PBXBuildFile; fileRef = 2222A9951B544D75007219AE /* MobileCoreServices.framework */; };
		2222A99A1B544D75007219AE /* QuartzCore.framework in Frameworks */ = {isa = PBXBuildFile; fileRef = 2222A9961B544D75007219AE /* QuartzCore.framework */; };
		2222A99C1B544DA5007219AE /* libsqlite3.dylib in Frameworks */ = {isa = PBXBuildFile; fileRef = 2222A99B1B544DA5007219AE /* libsqlite3.dylib */; };
		2222A99E1B544DBA007219AE /* Security.framework in Frameworks */ = {isa = PBXBuildFile; fileRef = 2222A99D1B544DBA007219AE /* Security.framework */; };
		2222A9A01B544DC3007219AE /* StoreKit.framework in Frameworks */ = {isa = PBXBuildFile; fileRef = 2222A99F1B544DC3007219AE /* StoreKit.framework */; };
		2222A9A21B544DCE007219AE /* SystemConfiguration.framework in Frameworks */ = {isa = PBXBuildFile; fileRef = 2222A9A11B544DCE007219AE /* SystemConfiguration.framework */; };
		2222A9A41B544DD8007219AE /* libz.dylib in Frameworks */ = {isa = PBXBuildFile; fileRef = 2222A9A31B544DD8007219AE /* libz.dylib */; };
		2222A9B01B546AB3007219AE /* Event.swift in Sources */ = {isa = PBXBuildFile; fileRef = 2222A9AF1B546AB3007219AE /* Event.swift */; };
		2241E1231B60353700856661 /* InviteFriendsViewController.swift in Sources */ = {isa = PBXBuildFile; fileRef = 2241E1221B60353700856661 /* InviteFriendsViewController.swift */; };
		2241E1251B6056E500856661 /* LoginViewController.swift in Sources */ = {isa = PBXBuildFile; fileRef = 2241E1241B6056E500856661 /* LoginViewController.swift */; };
		225262AE1B54298C00FB9C4D /* AppDelegate.swift in Sources */ = {isa = PBXBuildFile; fileRef = 225262AD1B54298C00FB9C4D /* AppDelegate.swift */; };
		225262B01B54298C00FB9C4D /* EventsViewController.swift in Sources */ = {isa = PBXBuildFile; fileRef = 225262AF1B54298C00FB9C4D /* EventsViewController.swift */; };
		225262B51B54298C00FB9C4D /* Images.xcassets in Resources */ = {isa = PBXBuildFile; fileRef = 225262B41B54298C00FB9C4D /* Images.xcassets */; };
		225262B81B54298C00FB9C4D /* LaunchScreen.xib in Resources */ = {isa = PBXBuildFile; fileRef = 225262B61B54298C00FB9C4D /* LaunchScreen.xib */; };
		225262C41B54298D00FB9C4D /* Things2BringTests.swift in Sources */ = {isa = PBXBuildFile; fileRef = 225262C31B54298D00FB9C4D /* Things2BringTests.swift */; };
		227250ED1B62A25B007105B9 /* SignUpViewController.swift in Sources */ = {isa = PBXBuildFile; fileRef = 227250EC1B62A25B007105B9 /* SignUpViewController.swift */; };
		22B8EF631B5F290B00C0E153 /* ParseHelper.swift in Sources */ = {isa = PBXBuildFile; fileRef = 22B8EF621B5F290B00C0E153 /* ParseHelper.swift */; };
		22C35C831B5811BA00F91ECC /* CreateEditEventViewController.swift in Sources */ = {isa = PBXBuildFile; fileRef = 22C35C821B5811BA00F91ECC /* CreateEditEventViewController.swift */; };
		22C35C8C1B587F5600F91ECC /* PopDatePicker.swift in Sources */ = {isa = PBXBuildFile; fileRef = 22C35C891B587F5600F91ECC /* PopDatePicker.swift */; };
		22C35C8D1B587F5600F91ECC /* PopDateViewController.swift in Sources */ = {isa = PBXBuildFile; fileRef = 22C35C8A1B587F5600F91ECC /* PopDateViewController.swift */; };
		22C35C8E1B587F5600F91ECC /* PopDateViewController.xib in Resources */ = {isa = PBXBuildFile; fileRef = 22C35C8B1B587F5600F91ECC /* PopDateViewController.xib */; };
		22C35C901B58801000F91ECC /* DateUtils.swift in Sources */ = {isa = PBXBuildFile; fileRef = 22C35C8F1B58801000F91ECC /* DateUtils.swift */; };
		22C35C941B595FB600F91ECC /* IconCollectionViewCell.swift in Sources */ = {isa = PBXBuildFile; fileRef = 22C35C931B595FB600F91ECC /* IconCollectionViewCell.swift */; };
		22C35C961B595FC700F91ECC /* UploadIconCollectionViewCell.swift in Sources */ = {isa = PBXBuildFile; fileRef = 22C35C951B595FC700F91ECC /* UploadIconCollectionViewCell.swift */; };
		22C35C981B5968F300F91ECC /* icon.swift in Sources */ = {isa = PBXBuildFile; fileRef = 22C35C971B5968F300F91ECC /* icon.swift */; };
		22C35C9A1B596F9700F91ECC /* IconsCollectionViewController.swift in Sources */ = {isa = PBXBuildFile; fileRef = 22C35C991B596F9700F91ECC /* IconsCollectionViewController.swift */; };
		22C35C9C1B598B7C00F91ECC /* ItemsTableViewController.swift in Sources */ = {isa = PBXBuildFile; fileRef = 22C35C9B1B598B7C00F91ECC /* ItemsTableViewController.swift */; };
		22C35C9E1B598B9C00F91ECC /* ItemTableViewCell.swift in Sources */ = {isa = PBXBuildFile; fileRef = 22C35C9D1B598B9C00F91ECC /* ItemTableViewCell.swift */; };
		22C35CA01B598D4E00F91ECC /* Item.swift in Sources */ = {isa = PBXBuildFile; fileRef = 22C35C9F1B598D4E00F91ECC /* Item.swift */; };
		22C35CA21B59994A00F91ECC /* AddItemsTableViewCell.swift in Sources */ = {isa = PBXBuildFile; fileRef = 22C35CA11B59994A00F91ECC /* AddItemsTableViewCell.swift */; };
		22CBD2D41B5585E90051C8D0 /* HeaderTableViewCell.swift in Sources */ = {isa = PBXBuildFile; fileRef = 22CBD2D31B5585E90051C8D0 /* HeaderTableViewCell.swift */; };
		22CBD2D81B55B7F80051C8D0 /* EventViewController.swift in Sources */ = {isa = PBXBuildFile; fileRef = 22CBD2D71B55B7F80051C8D0 /* EventViewController.swift */; };
		22CD5A6D1B56E1E700F57439 /* Bolts.framework in Frameworks */ = {isa = PBXBuildFile; fileRef = 22CD5A671B56E1E700F57439 /* Bolts.framework */; };
		22CD5A6F1B56E1E700F57439 /* ParseCrashReporting.framework in Frameworks */ = {isa = PBXBuildFile; fileRef = 22CD5A691B56E1E700F57439 /* ParseCrashReporting.framework */; };
		22CD5A701B56E1E700F57439 /* ParseFacebookUtils.framework in Frameworks */ = {isa = PBXBuildFile; fileRef = 22CD5A6A1B56E1E700F57439 /* ParseFacebookUtils.framework */; };
		22CD5A711B56E1E700F57439 /* ParseFacebookUtilsV4.framework in Frameworks */ = {isa = PBXBuildFile; fileRef = 22CD5A6B1B56E1E700F57439 /* ParseFacebookUtilsV4.framework */; };
		22CD5A721B56E1E700F57439 /* ParseUI.framework in Frameworks */ = {isa = PBXBuildFile; fileRef = 22CD5A6C1B56E1E700F57439 /* ParseUI.framework */; };
		22D166561B680F550020DBCC /* FriendsGoingTableViewController.swift in Sources */ = {isa = PBXBuildFile; fileRef = 22D166551B680F550020DBCC /* FriendsGoingTableViewController.swift */; };
		22DEAEEC1B696484004D088B /* ItemDetailTableViewController.swift in Sources */ = {isa = PBXBuildFile; fileRef = 22DEAEEB1B696484004D088B /* ItemDetailTableViewController.swift */; };
		22DEAEEE1B69E1FA004D088B /* ItemsTableViewCell.swift in Sources */ = {isa = PBXBuildFile; fileRef = 22DEAEED1B69E1FA004D088B /* ItemsTableViewCell.swift */; };
/* End PBXBuildFile section */

/* Begin PBXContainerItemProxy section */
		225262BE1B54298C00FB9C4D /* PBXContainerItemProxy */ = {
			isa = PBXContainerItemProxy;
			containerPortal = 225262A01B54298C00FB9C4D /* Project object */;
			proxyType = 1;
			remoteGlobalIDString = 225262A71B54298C00FB9C4D;
			remoteInfo = Things2Bring;
		};
/* End PBXContainerItemProxy section */

/* Begin PBXCopyFilesBuildPhase section */
		2204C0241B66C30100B17C56 /* Embed Frameworks */ = {
			isa = PBXCopyFilesBuildPhase;
			buildActionMask = 2147483647;
			dstPath = "";
			dstSubfolderSpec = 10;
			files = (
				2204C0231B66C30000B17C56 /* RealmSwift.framework in Embed Frameworks */,
				2204C0211B66C30000B17C56 /* Realm.framework in Embed Frameworks */,
			);
			name = "Embed Frameworks";
			runOnlyForDeploymentPostprocessing = 0;
		};
/* End PBXCopyFilesBuildPhase section */

/* Begin PBXFileReference section */
		2204C0191B66AB2D00B17C56 /* Realm.framework */ = {isa = PBXFileReference; lastKnownFileType = wrapper.framework; path = Realm.framework; sourceTree = "<group>"; };
		2204C01A1B66AB2D00B17C56 /* RealmSwift.framework */ = {isa = PBXFileReference; lastKnownFileType = wrapper.framework; path = RealmSwift.framework; sourceTree = "<group>"; };
		2208B0691B5DBB6E00D55605 /* Base */ = {isa = PBXFileReference; lastKnownFileType = file.storyboard; name = Base; path = Things2Bring/Base.lproj/Main.storyboard; sourceTree = "<group>"; };
		2216CAE41B56FF26001CB6E7 /* Guest.swift */ = {isa = PBXFileReference; fileEncoding = 4; lastKnownFileType = sourcecode.swift; path = Guest.swift; sourceTree = "<group>"; };
		2216CAE61B56FF64001CB6E7 /* User.swift */ = {isa = PBXFileReference; fileEncoding = 4; lastKnownFileType = sourcecode.swift; path = User.swift; sourceTree = "<group>"; };
		2222A98C1B544AB5007219AE /* EventTableViewCell.swift */ = {isa = PBXFileReference; fileEncoding = 4; lastKnownFileType = sourcecode.swift; path = EventTableViewCell.swift; sourceTree = "<group>"; };
		2222A9911B544D48007219AE /* AudioToolbox.framework */ = {isa = PBXFileReference; lastKnownFileType = wrapper.framework; name = AudioToolbox.framework; path = System/Library/Frameworks/AudioToolbox.framework; sourceTree = SDKROOT; };
		2222A9931B544D75007219AE /* CoreGraphics.framework */ = {isa = PBXFileReference; lastKnownFileType = wrapper.framework; name = CoreGraphics.framework; path = System/Library/Frameworks/CoreGraphics.framework; sourceTree = SDKROOT; };
		2222A9941B544D75007219AE /* CoreLocation.framework */ = {isa = PBXFileReference; lastKnownFileType = wrapper.framework; name = CoreLocation.framework; path = System/Library/Frameworks/CoreLocation.framework; sourceTree = SDKROOT; };
		2222A9951B544D75007219AE /* MobileCoreServices.framework */ = {isa = PBXFileReference; lastKnownFileType = wrapper.framework; name = MobileCoreServices.framework; path = System/Library/Frameworks/MobileCoreServices.framework; sourceTree = SDKROOT; };
		2222A9961B544D75007219AE /* QuartzCore.framework */ = {isa = PBXFileReference; lastKnownFileType = wrapper.framework; name = QuartzCore.framework; path = System/Library/Frameworks/QuartzCore.framework; sourceTree = SDKROOT; };
		2222A99B1B544DA5007219AE /* libsqlite3.dylib */ = {isa = PBXFileReference; lastKnownFileType = "compiled.mach-o.dylib"; name = libsqlite3.dylib; path = usr/lib/libsqlite3.dylib; sourceTree = SDKROOT; };
		2222A99D1B544DBA007219AE /* Security.framework */ = {isa = PBXFileReference; lastKnownFileType = wrapper.framework; name = Security.framework; path = System/Library/Frameworks/Security.framework; sourceTree = SDKROOT; };
		2222A99F1B544DC3007219AE /* StoreKit.framework */ = {isa = PBXFileReference; lastKnownFileType = wrapper.framework; name = StoreKit.framework; path = System/Library/Frameworks/StoreKit.framework; sourceTree = SDKROOT; };
		2222A9A11B544DCE007219AE /* SystemConfiguration.framework */ = {isa = PBXFileReference; lastKnownFileType = wrapper.framework; name = SystemConfiguration.framework; path = System/Library/Frameworks/SystemConfiguration.framework; sourceTree = SDKROOT; };
		2222A9A31B544DD8007219AE /* libz.dylib */ = {isa = PBXFileReference; lastKnownFileType = "compiled.mach-o.dylib"; name = libz.dylib; path = usr/lib/libz.dylib; sourceTree = SDKROOT; };
		2222A9AF1B546AB3007219AE /* Event.swift */ = {isa = PBXFileReference; fileEncoding = 4; lastKnownFileType = sourcecode.swift; name = Event.swift; path = ../Event.swift; sourceTree = "<group>"; };
		2241E1221B60353700856661 /* InviteFriendsViewController.swift */ = {isa = PBXFileReference; fileEncoding = 4; lastKnownFileType = sourcecode.swift; path = InviteFriendsViewController.swift; sourceTree = "<group>"; };
		2241E1241B6056E500856661 /* LoginViewController.swift */ = {isa = PBXFileReference; fileEncoding = 4; lastKnownFileType = sourcecode.swift; path = LoginViewController.swift; sourceTree = "<group>"; };
		225262A81B54298C00FB9C4D /* Things2Bring.app */ = {isa = PBXFileReference; explicitFileType = wrapper.application; includeInIndex = 0; path = Things2Bring.app; sourceTree = BUILT_PRODUCTS_DIR; };
		225262AC1B54298C00FB9C4D /* Info.plist */ = {isa = PBXFileReference; lastKnownFileType = text.plist.xml; path = Info.plist; sourceTree = "<group>"; };
		225262AD1B54298C00FB9C4D /* AppDelegate.swift */ = {isa = PBXFileReference; lastKnownFileType = sourcecode.swift; path = AppDelegate.swift; sourceTree = "<group>"; };
		225262AF1B54298C00FB9C4D /* EventsViewController.swift */ = {isa = PBXFileReference; lastKnownFileType = sourcecode.swift; name = EventsViewController.swift; path = ../EventsViewController.swift; sourceTree = "<group>"; };
		225262B41B54298C00FB9C4D /* Images.xcassets */ = {isa = PBXFileReference; lastKnownFileType = folder.assetcatalog; path = Images.xcassets; sourceTree = "<group>"; };
		225262B71B54298C00FB9C4D /* Base */ = {isa = PBXFileReference; lastKnownFileType = file.xib; name = Base; path = Base.lproj/LaunchScreen.xib; sourceTree = "<group>"; };
		225262BD1B54298C00FB9C4D /* Things2BringTests.xctest */ = {isa = PBXFileReference; explicitFileType = wrapper.cfbundle; includeInIndex = 0; path = Things2BringTests.xctest; sourceTree = BUILT_PRODUCTS_DIR; };
		225262C21B54298D00FB9C4D /* Info.plist */ = {isa = PBXFileReference; lastKnownFileType = text.plist.xml; path = Info.plist; sourceTree = "<group>"; };
		225262C31B54298D00FB9C4D /* Things2BringTests.swift */ = {isa = PBXFileReference; lastKnownFileType = sourcecode.swift; path = Things2BringTests.swift; sourceTree = "<group>"; };
		227250EC1B62A25B007105B9 /* SignUpViewController.swift */ = {isa = PBXFileReference; fileEncoding = 4; lastKnownFileType = sourcecode.swift; path = SignUpViewController.swift; sourceTree = "<group>"; };
		22B8EF621B5F290B00C0E153 /* ParseHelper.swift */ = {isa = PBXFileReference; fileEncoding = 4; lastKnownFileType = sourcecode.swift; path = ParseHelper.swift; sourceTree = "<group>"; };
		22C35C821B5811BA00F91ECC /* CreateEditEventViewController.swift */ = {isa = PBXFileReference; fileEncoding = 4; lastKnownFileType = sourcecode.swift; path = CreateEditEventViewController.swift; sourceTree = "<group>"; };
		22C35C891B587F5600F91ECC /* PopDatePicker.swift */ = {isa = PBXFileReference; fileEncoding = 4; lastKnownFileType = sourcecode.swift; path = PopDatePicker.swift; sourceTree = "<group>"; };
		22C35C8A1B587F5600F91ECC /* PopDateViewController.swift */ = {isa = PBXFileReference; fileEncoding = 4; lastKnownFileType = sourcecode.swift; path = PopDateViewController.swift; sourceTree = "<group>"; };
		22C35C8B1B587F5600F91ECC /* PopDateViewController.xib */ = {isa = PBXFileReference; fileEncoding = 4; lastKnownFileType = file.xib; path = PopDateViewController.xib; sourceTree = "<group>"; };
		22C35C8F1B58801000F91ECC /* DateUtils.swift */ = {isa = PBXFileReference; fileEncoding = 4; lastKnownFileType = sourcecode.swift; path = DateUtils.swift; sourceTree = "<group>"; };
		22C35C931B595FB600F91ECC /* IconCollectionViewCell.swift */ = {isa = PBXFileReference; fileEncoding = 4; lastKnownFileType = sourcecode.swift; path = IconCollectionViewCell.swift; sourceTree = "<group>"; };
		22C35C951B595FC700F91ECC /* UploadIconCollectionViewCell.swift */ = {isa = PBXFileReference; fileEncoding = 4; lastKnownFileType = sourcecode.swift; path = UploadIconCollectionViewCell.swift; sourceTree = "<group>"; };
		22C35C971B5968F300F91ECC /* icon.swift */ = {isa = PBXFileReference; fileEncoding = 4; lastKnownFileType = sourcecode.swift; path = icon.swift; sourceTree = "<group>"; };
		22C35C991B596F9700F91ECC /* IconsCollectionViewController.swift */ = {isa = PBXFileReference; fileEncoding = 4; lastKnownFileType = sourcecode.swift; path = IconsCollectionViewController.swift; sourceTree = "<group>"; };
		22C35C9B1B598B7C00F91ECC /* ItemsTableViewController.swift */ = {isa = PBXFileReference; fileEncoding = 4; lastKnownFileType = sourcecode.swift; path = ItemsTableViewController.swift; sourceTree = "<group>"; };
		22C35C9D1B598B9C00F91ECC /* ItemTableViewCell.swift */ = {isa = PBXFileReference; fileEncoding = 4; lastKnownFileType = sourcecode.swift; path = ItemTableViewCell.swift; sourceTree = "<group>"; };
		22C35C9F1B598D4E00F91ECC /* Item.swift */ = {isa = PBXFileReference; fileEncoding = 4; lastKnownFileType = sourcecode.swift; path = Item.swift; sourceTree = "<group>"; };
		22C35CA11B59994A00F91ECC /* AddItemsTableViewCell.swift */ = {isa = PBXFileReference; fileEncoding = 4; lastKnownFileType = sourcecode.swift; path = AddItemsTableViewCell.swift; sourceTree = "<group>"; };
		22CBD2D31B5585E90051C8D0 /* HeaderTableViewCell.swift */ = {isa = PBXFileReference; fileEncoding = 4; lastKnownFileType = sourcecode.swift; path = HeaderTableViewCell.swift; sourceTree = "<group>"; };
		22CBD2D71B55B7F80051C8D0 /* EventViewController.swift */ = {isa = PBXFileReference; fileEncoding = 4; lastKnownFileType = sourcecode.swift; path = EventViewController.swift; sourceTree = "<group>"; };
		22CD5A671B56E1E700F57439 /* Bolts.framework */ = {isa = PBXFileReference; lastKnownFileType = wrapper.framework; path = Bolts.framework; sourceTree = "<group>"; };
		22CD5A681B56E1E700F57439 /* Parse.framework */ = {isa = PBXFileReference; lastKnownFileType = wrapper.framework; path = Parse.framework; sourceTree = "<group>"; };
		22CD5A691B56E1E700F57439 /* ParseCrashReporting.framework */ = {isa = PBXFileReference; lastKnownFileType = wrapper.framework; path = ParseCrashReporting.framework; sourceTree = "<group>"; };
		22CD5A6A1B56E1E700F57439 /* ParseFacebookUtils.framework */ = {isa = PBXFileReference; lastKnownFileType = wrapper.framework; path = ParseFacebookUtils.framework; sourceTree = "<group>"; };
		22CD5A6B1B56E1E700F57439 /* ParseFacebookUtilsV4.framework */ = {isa = PBXFileReference; lastKnownFileType = wrapper.framework; path = ParseFacebookUtilsV4.framework; sourceTree = "<group>"; };
		22CD5A6C1B56E1E700F57439 /* ParseUI.framework */ = {isa = PBXFileReference; lastKnownFileType = wrapper.framework; path = ParseUI.framework; sourceTree = "<group>"; };
		22D166551B680F550020DBCC /* FriendsGoingTableViewController.swift */ = {isa = PBXFileReference; fileEncoding = 4; lastKnownFileType = sourcecode.swift; path = FriendsGoingTableViewController.swift; sourceTree = "<group>"; };
		22DEAEEB1B696484004D088B /* ItemDetailTableViewController.swift */ = {isa = PBXFileReference; fileEncoding = 4; lastKnownFileType = sourcecode.swift; path = ItemDetailTableViewController.swift; sourceTree = "<group>"; };
		22DEAEED1B69E1FA004D088B /* ItemsTableViewCell.swift */ = {isa = PBXFileReference; fileEncoding = 4; lastKnownFileType = sourcecode.swift; path = ItemsTableViewCell.swift; sourceTree = "<group>"; };
/* End PBXFileReference section */

/* Begin PBXFrameworksBuildPhase section */
		225262A51B54298C00FB9C4D /* Frameworks */ = {
			isa = PBXFrameworksBuildPhase;
			buildActionMask = 2147483647;
			files = (
				22CD5A701B56E1E700F57439 /* ParseFacebookUtils.framework in Frameworks */,
				2222A9A41B544DD8007219AE /* libz.dylib in Frameworks */,
				221031541B5F075A0094BDED /* Parse.framework in Frameworks */,
				2204C01C1B66AB2D00B17C56 /* RealmSwift.framework in Frameworks */,
				2222A9A21B544DCE007219AE /* SystemConfiguration.framework in Frameworks */,
				2222A9A01B544DC3007219AE /* StoreKit.framework in Frameworks */,
				2204C0221B66C30000B17C56 /* RealmSwift.framework in Frameworks */,
				2222A99E1B544DBA007219AE /* Security.framework in Frameworks */,
				2222A99C1B544DA5007219AE /* libsqlite3.dylib in Frameworks */,
				22CD5A721B56E1E700F57439 /* ParseUI.framework in Frameworks */,
				2222A9971B544D75007219AE /* CoreGraphics.framework in Frameworks */,
				2222A9981B544D75007219AE /* CoreLocation.framework in Frameworks */,
				2222A9991B544D75007219AE /* MobileCoreServices.framework in Frameworks */,
				22CD5A6D1B56E1E700F57439 /* Bolts.framework in Frameworks */,
				2222A99A1B544D75007219AE /* QuartzCore.framework in Frameworks */,
				2222A9921B544D48007219AE /* AudioToolbox.framework in Frameworks */,
				22CD5A6F1B56E1E700F57439 /* ParseCrashReporting.framework in Frameworks */,
				2204C01B1B66AB2D00B17C56 /* Realm.framework in Frameworks */,
				22CD5A711B56E1E700F57439 /* ParseFacebookUtilsV4.framework in Frameworks */,
				2204C0201B66C30000B17C56 /* Realm.framework in Frameworks */,
			);
			runOnlyForDeploymentPostprocessing = 0;
		};
		225262BA1B54298C00FB9C4D /* Frameworks */ = {
			isa = PBXFrameworksBuildPhase;
			buildActionMask = 2147483647;
			files = (
			);
			runOnlyForDeploymentPostprocessing = 0;
		};
/* End PBXFrameworksBuildPhase section */

/* Begin PBXGroup section */
		2216CAE31B56FF10001CB6E7 /* Classes */ = {
			isa = PBXGroup;
			children = (
				2222A9AF1B546AB3007219AE /* Event.swift */,
				2216CAE41B56FF26001CB6E7 /* Guest.swift */,
				2216CAE61B56FF64001CB6E7 /* User.swift */,
				22C35C971B5968F300F91ECC /* icon.swift */,
				22C35C9F1B598D4E00F91ECC /* Item.swift */,
			);
			path = Classes;
			sourceTree = "<group>";
		};
		2222A98B1B544A8D007219AE /* Cells */ = {
			isa = PBXGroup;
			children = (
				2222A98C1B544AB5007219AE /* EventTableViewCell.swift */,
				22CBD2D31B5585E90051C8D0 /* HeaderTableViewCell.swift */,
				22C35C931B595FB600F91ECC /* IconCollectionViewCell.swift */,
				22C35C951B595FC700F91ECC /* UploadIconCollectionViewCell.swift */,
				22C35C9D1B598B9C00F91ECC /* ItemTableViewCell.swift */,
				22C35CA11B59994A00F91ECC /* AddItemsTableViewCell.swift */,
				22DEAEED1B69E1FA004D088B /* ItemsTableViewCell.swift */,
			);
			name = Cells;
			path = ../Things2Bring.xcodeproj/Cells;
			sourceTree = "<group>";
		};
		2222A9A51B544DEB007219AE /* Frameworks */ = {
			isa = PBXGroup;
			children = (
				2222A9A31B544DD8007219AE /* libz.dylib */,
				2222A9A11B544DCE007219AE /* SystemConfiguration.framework */,
				2222A99F1B544DC3007219AE /* StoreKit.framework */,
				2222A99D1B544DBA007219AE /* Security.framework */,
				2222A99B1B544DA5007219AE /* libsqlite3.dylib */,
				2222A9931B544D75007219AE /* CoreGraphics.framework */,
				2222A9941B544D75007219AE /* CoreLocation.framework */,
				2222A9951B544D75007219AE /* MobileCoreServices.framework */,
				2222A9961B544D75007219AE /* QuartzCore.framework */,
				2222A9911B544D48007219AE /* AudioToolbox.framework */,
			);
			name = Frameworks;
			path = "Parse Libary";
			sourceTree = "<group>";
		};
		2252629F1B54298C00FB9C4D = {
			isa = PBXGroup;
			children = (
				225262AA1B54298C00FB9C4D /* Things2Bring */,
				225262C01B54298D00FB9C4D /* Things2BringTests */,
				225262A91B54298C00FB9C4D /* Products */,
			);
			sourceTree = "<group>";
		};
		225262A91B54298C00FB9C4D /* Products */ = {
			isa = PBXGroup;
			children = (
				225262A81B54298C00FB9C4D /* Things2Bring.app */,
				225262BD1B54298C00FB9C4D /* Things2BringTests.xctest */,
			);
			name = Products;
			sourceTree = "<group>";
		};
		225262AA1B54298C00FB9C4D /* Things2Bring */ = {
			isa = PBXGroup;
			children = (
				22C35C881B587F5600F91ECC /* PopDatePicker */,
				2216CAE31B56FF10001CB6E7 /* Classes */,
				2222A98B1B544A8D007219AE /* Cells */,
				225262E51B542A1400FB9C4D /* ViewControllers */,
				22B8EF621B5F290B00C0E153 /* ParseHelper.swift */,
				225262AD1B54298C00FB9C4D /* AppDelegate.swift */,
				2208B0681B5DBB6E00D55605 /* Main.storyboard */,
				225262B41B54298C00FB9C4D /* Images.xcassets */,
				225262B61B54298C00FB9C4D /* LaunchScreen.xib */,
				2204C0191B66AB2D00B17C56 /* Realm.framework */,
				2204C01A1B66AB2D00B17C56 /* RealmSwift.framework */,
				22CD5A661B56E1E700F57439 /* Parse Libary */,
				2222A9A51B544DEB007219AE /* Frameworks */,
				225262AB1B54298C00FB9C4D /* Supporting Files */,
			);
			path = Things2Bring;
			sourceTree = "<group>";
		};
		225262AB1B54298C00FB9C4D /* Supporting Files */ = {
			isa = PBXGroup;
			children = (
				225262AC1B54298C00FB9C4D /* Info.plist */,
			);
			name = "Supporting Files";
			sourceTree = "<group>";
		};
		225262C01B54298D00FB9C4D /* Things2BringTests */ = {
			isa = PBXGroup;
			children = (
				225262C31B54298D00FB9C4D /* Things2BringTests.swift */,
				225262C11B54298D00FB9C4D /* Supporting Files */,
			);
			path = Things2BringTests;
			sourceTree = "<group>";
		};
		225262C11B54298D00FB9C4D /* Supporting Files */ = {
			isa = PBXGroup;
			children = (
				225262C21B54298D00FB9C4D /* Info.plist */,
			);
			name = "Supporting Files";
			sourceTree = "<group>";
		};
		225262E51B542A1400FB9C4D /* ViewControllers */ = {
			isa = PBXGroup;
			children = (
				225262AF1B54298C00FB9C4D /* EventsViewController.swift */,
				22CBD2D71B55B7F80051C8D0 /* EventViewController.swift */,
				22C35C821B5811BA00F91ECC /* CreateEditEventViewController.swift */,
				22C35C991B596F9700F91ECC /* IconsCollectionViewController.swift */,
				22C35C9B1B598B7C00F91ECC /* ItemsTableViewController.swift */,
				2241E1221B60353700856661 /* InviteFriendsViewController.swift */,
				2241E1241B6056E500856661 /* LoginViewController.swift */,
				227250EC1B62A25B007105B9 /* SignUpViewController.swift */,
				22D166551B680F550020DBCC /* FriendsGoingTableViewController.swift */,
				22DEAEEB1B696484004D088B /* ItemDetailTableViewController.swift */,
			);
			path = ViewControllers;
			sourceTree = "<group>";
		};
		22C35C881B587F5600F91ECC /* PopDatePicker */ = {
			isa = PBXGroup;
			children = (
				22C35C8F1B58801000F91ECC /* DateUtils.swift */,
				22C35C891B587F5600F91ECC /* PopDatePicker.swift */,
				22C35C8A1B587F5600F91ECC /* PopDateViewController.swift */,
				22C35C8B1B587F5600F91ECC /* PopDateViewController.xib */,
			);
			path = PopDatePicker;
			sourceTree = "<group>";
		};
		22CD5A661B56E1E700F57439 /* Parse Libary */ = {
			isa = PBXGroup;
			children = (
				22CD5A671B56E1E700F57439 /* Bolts.framework */,
				22CD5A681B56E1E700F57439 /* Parse.framework */,
				22CD5A691B56E1E700F57439 /* ParseCrashReporting.framework */,
				22CD5A6A1B56E1E700F57439 /* ParseFacebookUtils.framework */,
				22CD5A6B1B56E1E700F57439 /* ParseFacebookUtilsV4.framework */,
				22CD5A6C1B56E1E700F57439 /* ParseUI.framework */,
			);
			path = "Parse Libary";
			sourceTree = "<group>";
		};
/* End PBXGroup section */

/* Begin PBXNativeTarget section */
		225262A71B54298C00FB9C4D /* Things2Bring */ = {
			isa = PBXNativeTarget;
			buildConfigurationList = 225262C71B54298D00FB9C4D /* Build configuration list for PBXNativeTarget "Things2Bring" */;
			buildPhases = (
				225262A41B54298C00FB9C4D /* Sources */,
				225262A51B54298C00FB9C4D /* Frameworks */,
				225262A61B54298C00FB9C4D /* Resources */,
				2204C0241B66C30100B17C56 /* Embed Frameworks */,
			);
			buildRules = (
			);
			dependencies = (
			);
			name = Things2Bring;
			productName = Things2Bring;
			productReference = 225262A81B54298C00FB9C4D /* Things2Bring.app */;
			productType = "com.apple.product-type.application";
		};
		225262BC1B54298C00FB9C4D /* Things2BringTests */ = {
			isa = PBXNativeTarget;
			buildConfigurationList = 225262CA1B54298D00FB9C4D /* Build configuration list for PBXNativeTarget "Things2BringTests" */;
			buildPhases = (
				225262B91B54298C00FB9C4D /* Sources */,
				225262BA1B54298C00FB9C4D /* Frameworks */,
				225262BB1B54298C00FB9C4D /* Resources */,
			);
			buildRules = (
			);
			dependencies = (
				225262BF1B54298C00FB9C4D /* PBXTargetDependency */,
			);
			name = Things2BringTests;
			productName = Things2BringTests;
			productReference = 225262BD1B54298C00FB9C4D /* Things2BringTests.xctest */;
			productType = "com.apple.product-type.bundle.unit-test";
		};
/* End PBXNativeTarget section */

/* Begin PBXProject section */
		225262A01B54298C00FB9C4D /* Project object */ = {
			isa = PBXProject;
			attributes = {
				LastUpgradeCheck = 0640;
				ORGANIZATIONNAME = "Jessica Cavazos";
				TargetAttributes = {
					225262A71B54298C00FB9C4D = {
						CreatedOnToolsVersion = 6.4;
						DevelopmentTeam = 6RBBWM63CX;
					};
					225262BC1B54298C00FB9C4D = {
						CreatedOnToolsVersion = 6.4;
						TestTargetID = 225262A71B54298C00FB9C4D;
					};
				};
			};
			buildConfigurationList = 225262A31B54298C00FB9C4D /* Build configuration list for PBXProject "Things2Bring" */;
			compatibilityVersion = "Xcode 3.2";
			developmentRegion = English;
			hasScannedForEncodings = 0;
			knownRegions = (
				en,
				Base,
			);
			mainGroup = 2252629F1B54298C00FB9C4D;
			productRefGroup = 225262A91B54298C00FB9C4D /* Products */;
			projectDirPath = "";
			projectRoot = "";
			targets = (
				225262A71B54298C00FB9C4D /* Things2Bring */,
				225262BC1B54298C00FB9C4D /* Things2BringTests */,
			);
		};
/* End PBXProject section */

/* Begin PBXResourcesBuildPhase section */
		225262A61B54298C00FB9C4D /* Resources */ = {
			isa = PBXResourcesBuildPhase;
			buildActionMask = 2147483647;
			files = (
				2208B06A1B5DBB6E00D55605 /* Main.storyboard in Resources */,
				225262B81B54298C00FB9C4D /* LaunchScreen.xib in Resources */,
				22C35C8E1B587F5600F91ECC /* PopDateViewController.xib in Resources */,
				225262B51B54298C00FB9C4D /* Images.xcassets in Resources */,
			);
			runOnlyForDeploymentPostprocessing = 0;
		};
		225262BB1B54298C00FB9C4D /* Resources */ = {
			isa = PBXResourcesBuildPhase;
			buildActionMask = 2147483647;
			files = (
			);
			runOnlyForDeploymentPostprocessing = 0;
		};
/* End PBXResourcesBuildPhase section */

/* Begin PBXSourcesBuildPhase section */
		225262A41B54298C00FB9C4D /* Sources */ = {
			isa = PBXSourcesBuildPhase;
			buildActionMask = 2147483647;
			files = (
				2222A98D1B544AB5007219AE /* EventTableViewCell.swift in Sources */,
				22C35C9C1B598B7C00F91ECC /* ItemsTableViewController.swift in Sources */,
				22B8EF631B5F290B00C0E153 /* ParseHelper.swift in Sources */,
				22DEAEEC1B696484004D088B /* ItemDetailTableViewController.swift in Sources */,
				2241E1251B6056E500856661 /* LoginViewController.swift in Sources */,
				22C35C901B58801000F91ECC /* DateUtils.swift in Sources */,
				22C35C831B5811BA00F91ECC /* CreateEditEventViewController.swift in Sources */,
				22C35C961B595FC700F91ECC /* UploadIconCollectionViewCell.swift in Sources */,
				22CBD2D41B5585E90051C8D0 /* HeaderTableViewCell.swift in Sources */,
				22C35C8D1B587F5600F91ECC /* PopDateViewController.swift in Sources */,
				22C35C941B595FB600F91ECC /* IconCollectionViewCell.swift in Sources */,
				225262B01B54298C00FB9C4D /* EventsViewController.swift in Sources */,
				225262AE1B54298C00FB9C4D /* AppDelegate.swift in Sources */,
				22C35C9E1B598B9C00F91ECC /* ItemTableViewCell.swift in Sources */,
				22C35C9A1B596F9700F91ECC /* IconsCollectionViewController.swift in Sources */,
				2241E1231B60353700856661 /* InviteFriendsViewController.swift in Sources */,
				22C35CA21B59994A00F91ECC /* AddItemsTableViewCell.swift in Sources */,
				22C35C8C1B587F5600F91ECC /* PopDatePicker.swift in Sources */,
				2216CAE71B56FF64001CB6E7 /* User.swift in Sources */,
				22D166561B680F550020DBCC /* FriendsGoingTableViewController.swift in Sources */,
				227250ED1B62A25B007105B9 /* SignUpViewController.swift in Sources */,
				22C35CA01B598D4E00F91ECC /* Item.swift in Sources */,
				2222A9B01B546AB3007219AE /* Event.swift in Sources */,
				22DEAEEE1B69E1FA004D088B /* ItemsTableViewCell.swift in Sources */,
				2216CAE51B56FF26001CB6E7 /* Guest.swift in Sources */,
				22C35C981B5968F300F91ECC /* icon.swift in Sources */,
				22CBD2D81B55B7F80051C8D0 /* EventViewController.swift in Sources */,
			);
			runOnlyForDeploymentPostprocessing = 0;
		};
		225262B91B54298C00FB9C4D /* Sources */ = {
			isa = PBXSourcesBuildPhase;
			buildActionMask = 2147483647;
			files = (
				225262C41B54298D00FB9C4D /* Things2BringTests.swift in Sources */,
			);
			runOnlyForDeploymentPostprocessing = 0;
		};
/* End PBXSourcesBuildPhase section */

/* Begin PBXTargetDependency section */
		225262BF1B54298C00FB9C4D /* PBXTargetDependency */ = {
			isa = PBXTargetDependency;
			target = 225262A71B54298C00FB9C4D /* Things2Bring */;
			targetProxy = 225262BE1B54298C00FB9C4D /* PBXContainerItemProxy */;
		};
/* End PBXTargetDependency section */

/* Begin PBXVariantGroup section */
		2208B0681B5DBB6E00D55605 /* Main.storyboard */ = {
			isa = PBXVariantGroup;
			children = (
				2208B0691B5DBB6E00D55605 /* Base */,
			);
			name = Main.storyboard;
			path = ..;
			sourceTree = "<group>";
		};
		225262B61B54298C00FB9C4D /* LaunchScreen.xib */ = {
			isa = PBXVariantGroup;
			children = (
				225262B71B54298C00FB9C4D /* Base */,
			);
			name = LaunchScreen.xib;
			sourceTree = "<group>";
		};
/* End PBXVariantGroup section */

/* Begin XCBuildConfiguration section */
		225262C51B54298D00FB9C4D /* Debug */ = {
			isa = XCBuildConfiguration;
			buildSettings = {
				ALWAYS_SEARCH_USER_PATHS = NO;
				CLANG_CXX_LANGUAGE_STANDARD = "gnu++0x";
				CLANG_CXX_LIBRARY = "libc++";
				CLANG_ENABLE_MODULES = YES;
				CLANG_ENABLE_OBJC_ARC = YES;
				CLANG_WARN_BOOL_CONVERSION = YES;
				CLANG_WARN_CONSTANT_CONVERSION = YES;
				CLANG_WARN_DIRECT_OBJC_ISA_USAGE = YES_ERROR;
				CLANG_WARN_EMPTY_BODY = YES;
				CLANG_WARN_ENUM_CONVERSION = YES;
				CLANG_WARN_INT_CONVERSION = YES;
				CLANG_WARN_OBJC_ROOT_CLASS = YES_ERROR;
				CLANG_WARN_UNREACHABLE_CODE = YES;
				CLANG_WARN__DUPLICATE_METHOD_MATCH = YES;
				"CODE_SIGN_IDENTITY[sdk=iphoneos*]" = "iPhone Developer";
				COPY_PHASE_STRIP = NO;
				DEBUG_INFORMATION_FORMAT = "dwarf-with-dsym";
				ENABLE_STRICT_OBJC_MSGSEND = YES;
				GCC_C_LANGUAGE_STANDARD = gnu99;
				GCC_DYNAMIC_NO_PIC = NO;
				GCC_NO_COMMON_BLOCKS = YES;
				GCC_OPTIMIZATION_LEVEL = 0;
				GCC_PREPROCESSOR_DEFINITIONS = (
					"DEBUG=1",
					"$(inherited)",
				);
				GCC_SYMBOLS_PRIVATE_EXTERN = NO;
				GCC_WARN_64_TO_32_BIT_CONVERSION = YES;
				GCC_WARN_ABOUT_RETURN_TYPE = YES_ERROR;
				GCC_WARN_UNDECLARED_SELECTOR = YES;
				GCC_WARN_UNINITIALIZED_AUTOS = YES_AGGRESSIVE;
				GCC_WARN_UNUSED_FUNCTION = YES;
				GCC_WARN_UNUSED_VARIABLE = YES;
				IPHONEOS_DEPLOYMENT_TARGET = 8.4;
				MTL_ENABLE_DEBUG_INFO = YES;
				ONLY_ACTIVE_ARCH = YES;
				SDKROOT = iphoneos;
				SWIFT_OPTIMIZATION_LEVEL = "-Onone";
			};
			name = Debug;
		};
		225262C61B54298D00FB9C4D /* Release */ = {
			isa = XCBuildConfiguration;
			buildSettings = {
				ALWAYS_SEARCH_USER_PATHS = NO;
				CLANG_CXX_LANGUAGE_STANDARD = "gnu++0x";
				CLANG_CXX_LIBRARY = "libc++";
				CLANG_ENABLE_MODULES = YES;
				CLANG_ENABLE_OBJC_ARC = YES;
				CLANG_WARN_BOOL_CONVERSION = YES;
				CLANG_WARN_CONSTANT_CONVERSION = YES;
				CLANG_WARN_DIRECT_OBJC_ISA_USAGE = YES_ERROR;
				CLANG_WARN_EMPTY_BODY = YES;
				CLANG_WARN_ENUM_CONVERSION = YES;
				CLANG_WARN_INT_CONVERSION = YES;
				CLANG_WARN_OBJC_ROOT_CLASS = YES_ERROR;
				CLANG_WARN_UNREACHABLE_CODE = YES;
				CLANG_WARN__DUPLICATE_METHOD_MATCH = YES;
				"CODE_SIGN_IDENTITY[sdk=iphoneos*]" = "iPhone Developer";
				COPY_PHASE_STRIP = NO;
				DEBUG_INFORMATION_FORMAT = "dwarf-with-dsym";
				ENABLE_NS_ASSERTIONS = NO;
				ENABLE_STRICT_OBJC_MSGSEND = YES;
				GCC_C_LANGUAGE_STANDARD = gnu99;
				GCC_NO_COMMON_BLOCKS = YES;
				GCC_WARN_64_TO_32_BIT_CONVERSION = YES;
				GCC_WARN_ABOUT_RETURN_TYPE = YES_ERROR;
				GCC_WARN_UNDECLARED_SELECTOR = YES;
				GCC_WARN_UNINITIALIZED_AUTOS = YES_AGGRESSIVE;
				GCC_WARN_UNUSED_FUNCTION = YES;
				GCC_WARN_UNUSED_VARIABLE = YES;
				IPHONEOS_DEPLOYMENT_TARGET = 8.4;
				MTL_ENABLE_DEBUG_INFO = NO;
				SDKROOT = iphoneos;
				VALIDATE_PRODUCT = YES;
			};
			name = Release;
		};
		225262C81B54298D00FB9C4D /* Debug */ = {
			isa = XCBuildConfiguration;
			buildSettings = {
				ASSETCATALOG_COMPILER_APPICON_NAME = AppIcon;
				CODE_SIGN_IDENTITY = "iPhone Developer";
				"CODE_SIGN_IDENTITY[sdk=iphoneos*]" = "iPhone Developer";
				FRAMEWORK_SEARCH_PATHS = (
					"$(inherited)",
					"$(PROJECT_DIR)/Things2Bring/Parse",
					Libary,
					"$(PROJECT_DIR)/Things2Bring/Parse",
					Libary,
					"$(PROJECT_DIR)/Things2Bring/Parse",
					Libary,
					"$(PROJECT_DIR)/Things2Bring/Parse",
					Libary,
					"$(PROJECT_DIR)/Things2Bring/Parse",
					Libary,
					"$(PROJECT_DIR)/Things2Bring/Parse",
					"$(PROJECT_DIR)/Things2Bring/Parse",
					Libary,
					"$(PROJECT_DIR)/Things2Bring/Parse",
					Libary,
					"$(PROJECT_DIR)/Things2Bring/Parse",
					Libary,
					"$(PROJECT_DIR)/Things2Bring/Parse",
					Libary,
					"$(PROJECT_DIR)/Things2Bring/Parse",
					Libary,
					"$(PROJECT_DIR)/Things2Bring/Parse",
					Libary,
					"$(PROJECT_DIR)/Things2Bring/Parse",
					Libary,
					"$(PROJECT_DIR)/Things2Bring/Parse",
					Libary,
					"$(PROJECT_DIR)/Things2Bring/Parse",
					Libary,
					"$(PROJECT_DIR)/Things2Bring/Parse",
					Libary,
					"$(PROJECT_DIR)/Things2Bring/Parse",
					Libary,
					"$(PROJECT_DIR)/Things2Bring/Parse",
					Libary,
					"$(PROJECT_DIR)/Things2Bring/Parse",
					Libary,
					"$(PROJECT_DIR)/Things2Bring",
					"$(PROJECT_DIR)/Things2Bring/Parse",
					Libary,
					"$(PROJECT_DIR)/Things2Bring/Parse",
					Libary,
					"$(PROJECT_DIR)/Things2Bring/Parse",
					Libary,
				);
				INFOPLIST_FILE = Things2Bring/Info.plist;
				LD_RUNPATH_SEARCH_PATHS = "$(inherited) @executable_path/Frameworks";
				PRODUCT_NAME = "$(TARGET_NAME)";
				PROVISIONING_PROFILE = "";
			};
			name = Debug;
		};
		225262C91B54298D00FB9C4D /* Release */ = {
			isa = XCBuildConfiguration;
			buildSettings = {
				ASSETCATALOG_COMPILER_APPICON_NAME = AppIcon;
				CODE_SIGN_IDENTITY = "iPhone Developer";
				"CODE_SIGN_IDENTITY[sdk=iphoneos*]" = "iPhone Developer";
				FRAMEWORK_SEARCH_PATHS = (
					"$(inherited)",
					"$(PROJECT_DIR)/Things2Bring/Parse",
					Libary,
					"$(PROJECT_DIR)/Things2Bring/Parse",
					Libary,
					"$(PROJECT_DIR)/Things2Bring/Parse",
					Libary,
					"$(PROJECT_DIR)/Things2Bring/Parse",
					Libary,
					"$(PROJECT_DIR)/Things2Bring/Parse",
					Libary,
					"$(PROJECT_DIR)/Things2Bring/Parse",
					"$(PROJECT_DIR)/Things2Bring/Parse",
					Libary,
					"$(PROJECT_DIR)/Things2Bring/Parse",
					Libary,
					"$(PROJECT_DIR)/Things2Bring/Parse",
					Libary,
					"$(PROJECT_DIR)/Things2Bring/Parse",
					Libary,
					"$(PROJECT_DIR)/Things2Bring/Parse",
					Libary,
					"$(PROJECT_DIR)/Things2Bring/Parse",
					Libary,
					"$(PROJECT_DIR)/Things2Bring/Parse",
					Libary,
					"$(PROJECT_DIR)/Things2Bring/Parse",
					Libary,
					"$(PROJECT_DIR)/Things2Bring/Parse",
					Libary,
					"$(PROJECT_DIR)/Things2Bring/Parse",
					Libary,
					"$(PROJECT_DIR)/Things2Bring/Parse",
					Libary,
					"$(PROJECT_DIR)/Things2Bring/Parse",
					Libary,
					"$(PROJECT_DIR)/Things2Bring/Parse",
					Libary,
					"$(PROJECT_DIR)/Things2Bring",
					"$(PROJECT_DIR)/Things2Bring/Parse",
					Libary,
					"$(PROJECT_DIR)/Things2Bring/Parse",
					Libary,
					"$(PROJECT_DIR)/Things2Bring/Parse",
					Libary,
				);
				INFOPLIST_FILE = Things2Bring/Info.plist;
				LD_RUNPATH_SEARCH_PATHS = "$(inherited) @executable_path/Frameworks";
				PRODUCT_NAME = "$(TARGET_NAME)";
				PROVISIONING_PROFILE = "";
			};
			name = Release;
		};
		225262CB1B54298D00FB9C4D /* Debug */ = {
			isa = XCBuildConfiguration;
			buildSettings = {
				BUNDLE_LOADER = "$(TEST_HOST)";
				FRAMEWORK_SEARCH_PATHS = (
					"$(SDKROOT)/Developer/Library/Frameworks",
					"$(inherited)",
				);
				GCC_PREPROCESSOR_DEFINITIONS = (
					"DEBUG=1",
					"$(inherited)",
				);
				INFOPLIST_FILE = Things2BringTests/Info.plist;
				LD_RUNPATH_SEARCH_PATHS = "$(inherited) @executable_path/Frameworks @loader_path/Frameworks";
				PRODUCT_NAME = "$(TARGET_NAME)";
				TEST_HOST = "$(BUILT_PRODUCTS_DIR)/Things2Bring.app/Things2Bring";
			};
			name = Debug;
		};
		225262CC1B54298D00FB9C4D /* Release */ = {
			isa = XCBuildConfiguration;
			buildSettings = {
				BUNDLE_LOADER = "$(TEST_HOST)";
				FRAMEWORK_SEARCH_PATHS = (
					"$(SDKROOT)/Developer/Library/Frameworks",
					"$(inherited)",
				);
				INFOPLIST_FILE = Things2BringTests/Info.plist;
				LD_RUNPATH_SEARCH_PATHS = "$(inherited) @executable_path/Frameworks @loader_path/Frameworks";
				PRODUCT_NAME = "$(TARGET_NAME)";
				TEST_HOST = "$(BUILT_PRODUCTS_DIR)/Things2Bring.app/Things2Bring";
			};
			name = Release;
		};
/* End XCBuildConfiguration section */

/* Begin XCConfigurationList section */
		225262A31B54298C00FB9C4D /* Build configuration list for PBXProject "Things2Bring" */ = {
			isa = XCConfigurationList;
			buildConfigurations = (
				225262C51B54298D00FB9C4D /* Debug */,
				225262C61B54298D00FB9C4D /* Release */,
			);
			defaultConfigurationIsVisible = 0;
			defaultConfigurationName = Release;
		};
		225262C71B54298D00FB9C4D /* Build configuration list for PBXNativeTarget "Things2Bring" */ = {
			isa = XCConfigurationList;
			buildConfigurations = (
				225262C81B54298D00FB9C4D /* Debug */,
				225262C91B54298D00FB9C4D /* Release */,
			);
			defaultConfigurationIsVisible = 0;
			defaultConfigurationName = Release;
		};
		225262CA1B54298D00FB9C4D /* Build configuration list for PBXNativeTarget "Things2BringTests" */ = {
			isa = XCConfigurationList;
			buildConfigurations = (
				225262CB1B54298D00FB9C4D /* Debug */,
				225262CC1B54298D00FB9C4D /* Release */,
			);
			defaultConfigurationIsVisible = 0;
			defaultConfigurationName = Release;
		};
/* End XCConfigurationList section */
	};
	rootObject = 225262A01B54298C00FB9C4D /* Project object */;
}
